// !$*UTF8*$!
{
	archiveVersion = 1;
	classes = {
	};
	objectVersion = 56;
	objects = {

/* Begin PBXBuildFile section */
		C1CC1AB88C78793266D5EED7 /* Pods_EmployeeManager.framework in Frameworks */ = {isa = PBXBuildFile; fileRef = 3F77BA62A4D4F804B1257111 /* Pods_EmployeeManager.framework */; };
		E1A040F62C258517005EE957 /* Employee.swift in Sources */ = {isa = PBXBuildFile; fileRef = E1A040F52C258517005EE957 /* Employee.swift */; };
		E1A040F82C25873B005EE957 /* DatabaseService.swift in Sources */ = {isa = PBXBuildFile; fileRef = E1A040F72C25873B005EE957 /* DatabaseService.swift */; };
		E1ACD3842C2435E2007F6A52 /* DataService.swift in Sources */ = {isa = PBXBuildFile; fileRef = E1ACD3832C2435E2007F6A52 /* DataService.swift */; };
		E1ACD4122C243D45007F6A52 /* ServiceResult.swift in Sources */ = {isa = PBXBuildFile; fileRef = E1ACD4112C243D45007F6A52 /* ServiceResult.swift */; };
		E1ACD4142C243D63007F6A52 /* Resource.swift in Sources */ = {isa = PBXBuildFile; fileRef = E1ACD4132C243D63007F6A52 /* Resource.swift */; };
		E1ACD4162C243D95007F6A52 /* RequestInterceptor.swift in Sources */ = {isa = PBXBuildFile; fileRef = E1ACD4152C243D95007F6A52 /* RequestInterceptor.swift */; };
		E1ACD4182C243DB0007F6A52 /* AppConfig.swift in Sources */ = {isa = PBXBuildFile; fileRef = E1ACD4172C243DB0007F6A52 /* AppConfig.swift */; };
		E1ACD41A2C243E31007F6A52 /* EmployeeService.swift in Sources */ = {isa = PBXBuildFile; fileRef = E1ACD4192C243E31007F6A52 /* EmployeeService.swift */; };
		E1ACD41C2C24455E007F6A52 /* ServiceFactory.swift in Sources */ = {isa = PBXBuildFile; fileRef = E1ACD41B2C24455E007F6A52 /* ServiceFactory.swift */; };
		E1C056D62C1449C200702394 /* AppDelegate.swift in Sources */ = {isa = PBXBuildFile; fileRef = E1C056D52C1449C200702394 /* AppDelegate.swift */; };
		E1C056D82C1449C200702394 /* SceneDelegate.swift in Sources */ = {isa = PBXBuildFile; fileRef = E1C056D72C1449C200702394 /* SceneDelegate.swift */; };
		E1C056DA2C1449C200702394 /* ViewController.swift in Sources */ = {isa = PBXBuildFile; fileRef = E1C056D92C1449C200702394 /* ViewController.swift */; };
		E1C056DD2C1449C200702394 /* Base in Resources */ = {isa = PBXBuildFile; fileRef = E1C056DC2C1449C200702394 /* Base */; };
		E1C056DF2C1449C300702394 /* Assets.xcassets in Resources */ = {isa = PBXBuildFile; fileRef = E1C056DE2C1449C300702394 /* Assets.xcassets */; };
		E1C056E22C1449C300702394 /* Base in Resources */ = {isa = PBXBuildFile; fileRef = E1C056E12C1449C300702394 /* Base */; };
		E1C056ED2C1449C300702394 /* EmployeeManagerTests.swift in Sources */ = {isa = PBXBuildFile; fileRef = E1C056EC2C1449C300702394 /* EmployeeManagerTests.swift */; };
		E1C056F72C1449C300702394 /* EmployeeManagerUITests.swift in Sources */ = {isa = PBXBuildFile; fileRef = E1C056F62C1449C300702394 /* EmployeeManagerUITests.swift */; };
		E1C056F92C1449C300702394 /* EmployeeManagerUITestsLaunchTests.swift in Sources */ = {isa = PBXBuildFile; fileRef = E1C056F82C1449C300702394 /* EmployeeManagerUITestsLaunchTests.swift */; };
		E1C057072C1449F500702394 /* RootCoordinator.swift in Sources */ = {isa = PBXBuildFile; fileRef = E1C057062C1449F500702394 /* RootCoordinator.swift */; };
		E1C057092C1449FD00702394 /* Coordinator.swift in Sources */ = {isa = PBXBuildFile; fileRef = E1C057082C1449FD00702394 /* Coordinator.swift */; };
		E1C0570C2C144A2C00702394 /* UIColor.swift in Sources */ = {isa = PBXBuildFile; fileRef = E1C0570B2C144A2C00702394 /* UIColor.swift */; };
		E1C0570F2C144A6000702394 /* EmployeesCoordinator.swift in Sources */ = {isa = PBXBuildFile; fileRef = E1C0570E2C144A6000702394 /* EmployeesCoordinator.swift */; };
		E1C057112C144A6A00702394 /* EmployeesViewModel.swift in Sources */ = {isa = PBXBuildFile; fileRef = E1C057102C144A6A00702394 /* EmployeesViewModel.swift */; };
		E1C057132C144A7400702394 /* EmployeesViewController.swift in Sources */ = {isa = PBXBuildFile; fileRef = E1C057122C144A7400702394 /* EmployeesViewController.swift */; };
		E1C057162C144B2600702394 /* AddEmployeeCoordinator.swift in Sources */ = {isa = PBXBuildFile; fileRef = E1C057152C144B2600702394 /* AddEmployeeCoordinator.swift */; };
		E1C057182C144B2F00702394 /* AddEmployeeViewModel.swift in Sources */ = {isa = PBXBuildFile; fileRef = E1C057172C144B2F00702394 /* AddEmployeeViewModel.swift */; };
		E1C0571A2C144B3800702394 /* AddEmployeeView.swift in Sources */ = {isa = PBXBuildFile; fileRef = E1C057192C144B3800702394 /* AddEmployeeView.swift */; };
		E1C0571D2C14521B00702394 /* UserResponse.swift in Sources */ = {isa = PBXBuildFile; fileRef = E1C0571C2C14521B00702394 /* UserResponse.swift */; };
		E1C057652C1459B600702394 /* EmployeeTableViewCell.swift in Sources */ = {isa = PBXBuildFile; fileRef = E1C057642C1459B600702394 /* EmployeeTableViewCell.swift */; };
		E1C057672C145A3400702394 /* UILabel.swift in Sources */ = {isa = PBXBuildFile; fileRef = E1C057662C145A3400702394 /* UILabel.swift */; };
		E1C057692C145A5F00702394 /* UIView.swift in Sources */ = {isa = PBXBuildFile; fileRef = E1C057682C145A5F00702394 /* UIView.swift */; };
		E1C057712C14672A00702394 /* DetailsViewController.swift in Sources */ = {isa = PBXBuildFile; fileRef = E1C057702C14672A00702394 /* DetailsViewController.swift */; };
		E1C057732C14673400702394 /* DetailsViewModel.swift in Sources */ = {isa = PBXBuildFile; fileRef = E1C057722C14673400702394 /* DetailsViewModel.swift */; };
/* End PBXBuildFile section */

/* Begin PBXContainerItemProxy section */
		E1C056E92C1449C300702394 /* PBXContainerItemProxy */ = {
			isa = PBXContainerItemProxy;
			containerPortal = E1C056CA2C1449C200702394 /* Project object */;
			proxyType = 1;
			remoteGlobalIDString = E1C056D12C1449C200702394;
			remoteInfo = EmployeeManager;
		};
		E1C056F32C1449C300702394 /* PBXContainerItemProxy */ = {
			isa = PBXContainerItemProxy;
			containerPortal = E1C056CA2C1449C200702394 /* Project object */;
			proxyType = 1;
			remoteGlobalIDString = E1C056D12C1449C200702394;
			remoteInfo = EmployeeManager;
		};
		E1C057312C14534300702394 /* PBXContainerItemProxy */ = {
			isa = PBXContainerItemProxy;
			containerPortal = E1C057252C14534300702394 /* SQLite.xcodeproj */;
			proxyType = 2;
			remoteGlobalIDString = EE247AD31C3F04ED00AE3E12;
			remoteInfo = "SQLite iOS";
		};
		E1C057332C14534300702394 /* PBXContainerItemProxy */ = {
			isa = PBXContainerItemProxy;
			containerPortal = E1C057252C14534300702394 /* SQLite.xcodeproj */;
			proxyType = 2;
			remoteGlobalIDString = EE247ADD1C3F04ED00AE3E12;
			remoteInfo = "SQLiteTests iOS";
		};
		E1C057352C14534300702394 /* PBXContainerItemProxy */ = {
			isa = PBXContainerItemProxy;
			containerPortal = E1C057252C14534300702394 /* SQLite.xcodeproj */;
			proxyType = 2;
			remoteGlobalIDString = EE247B3C1C3F3ED000AE3E12;
			remoteInfo = "SQLite Mac";
		};
		E1C057372C14534300702394 /* PBXContainerItemProxy */ = {
			isa = PBXContainerItemProxy;
			containerPortal = E1C057252C14534300702394 /* SQLite.xcodeproj */;
			proxyType = 2;
			remoteGlobalIDString = EE247B451C3F3ED000AE3E12;
			remoteInfo = "SQLiteTests Mac";
		};
		E1C057392C14534300702394 /* PBXContainerItemProxy */ = {
			isa = PBXContainerItemProxy;
			containerPortal = E1C057252C14534300702394 /* SQLite.xcodeproj */;
			proxyType = 2;
			remoteGlobalIDString = 03A65E5A1C6BB0F50062603F;
			remoteInfo = "SQLite tvOS";
		};
		E1C0573B2C14534300702394 /* PBXContainerItemProxy */ = {
			isa = PBXContainerItemProxy;
			containerPortal = E1C057252C14534300702394 /* SQLite.xcodeproj */;
			proxyType = 2;
			remoteGlobalIDString = 03A65E631C6BB0F60062603F;
			remoteInfo = "SQLiteTests tvOS";
		};
		E1C0573D2C14534300702394 /* PBXContainerItemProxy */ = {
			isa = PBXContainerItemProxy;
			containerPortal = E1C057252C14534300702394 /* SQLite.xcodeproj */;
			proxyType = 2;
			remoteGlobalIDString = A121AC451CA35C79005A31D1;
			remoteInfo = "SQLite watchOS";
		};
		E1C0573F2C14534300702394 /* PBXContainerItemProxy */ = {
			isa = PBXContainerItemProxy;
			containerPortal = E1C057252C14534300702394 /* SQLite.xcodeproj */;
			proxyType = 2;
			remoteGlobalIDString = DEB306E52B61CEF500F9D46B;
			remoteInfo = "SQLite visionOS";
		};
		E1C057412C14534300702394 /* PBXContainerItemProxy */ = {
			isa = PBXContainerItemProxy;
			containerPortal = E1C057252C14534300702394 /* SQLite.xcodeproj */;
			proxyType = 2;
			remoteGlobalIDString = DEB307112B61CF9500F9D46B;
			remoteInfo = "SQLiteTests visionOS";
		};
		E1C0574F2C14534A00702394 /* PBXContainerItemProxy */ = {
			isa = PBXContainerItemProxy;
			containerPortal = E1C057432C14534A00702394 /* SQLite.xcodeproj */;
			proxyType = 2;
			remoteGlobalIDString = EE247AD31C3F04ED00AE3E12;
			remoteInfo = "SQLite iOS";
		};
		E1C057512C14534A00702394 /* PBXContainerItemProxy */ = {
			isa = PBXContainerItemProxy;
			containerPortal = E1C057432C14534A00702394 /* SQLite.xcodeproj */;
			proxyType = 2;
			remoteGlobalIDString = EE247ADD1C3F04ED00AE3E12;
			remoteInfo = "SQLiteTests iOS";
		};
		E1C057532C14534A00702394 /* PBXContainerItemProxy */ = {
			isa = PBXContainerItemProxy;
			containerPortal = E1C057432C14534A00702394 /* SQLite.xcodeproj */;
			proxyType = 2;
			remoteGlobalIDString = EE247B3C1C3F3ED000AE3E12;
			remoteInfo = "SQLite Mac";
		};
		E1C057552C14534A00702394 /* PBXContainerItemProxy */ = {
			isa = PBXContainerItemProxy;
			containerPortal = E1C057432C14534A00702394 /* SQLite.xcodeproj */;
			proxyType = 2;
			remoteGlobalIDString = EE247B451C3F3ED000AE3E12;
			remoteInfo = "SQLiteTests Mac";
		};
		E1C057572C14534A00702394 /* PBXContainerItemProxy */ = {
			isa = PBXContainerItemProxy;
			containerPortal = E1C057432C14534A00702394 /* SQLite.xcodeproj */;
			proxyType = 2;
			remoteGlobalIDString = 03A65E5A1C6BB0F50062603F;
			remoteInfo = "SQLite tvOS";
		};
		E1C057592C14534A00702394 /* PBXContainerItemProxy */ = {
			isa = PBXContainerItemProxy;
			containerPortal = E1C057432C14534A00702394 /* SQLite.xcodeproj */;
			proxyType = 2;
			remoteGlobalIDString = 03A65E631C6BB0F60062603F;
			remoteInfo = "SQLiteTests tvOS";
		};
		E1C0575B2C14534A00702394 /* PBXContainerItemProxy */ = {
			isa = PBXContainerItemProxy;
			containerPortal = E1C057432C14534A00702394 /* SQLite.xcodeproj */;
			proxyType = 2;
			remoteGlobalIDString = A121AC451CA35C79005A31D1;
			remoteInfo = "SQLite watchOS";
		};
		E1C0575D2C14534A00702394 /* PBXContainerItemProxy */ = {
			isa = PBXContainerItemProxy;
			containerPortal = E1C057432C14534A00702394 /* SQLite.xcodeproj */;
			proxyType = 2;
			remoteGlobalIDString = DEB306E52B61CEF500F9D46B;
			remoteInfo = "SQLite visionOS";
		};
		E1C0575F2C14534A00702394 /* PBXContainerItemProxy */ = {
			isa = PBXContainerItemProxy;
			containerPortal = E1C057432C14534A00702394 /* SQLite.xcodeproj */;
			proxyType = 2;
			remoteGlobalIDString = DEB307112B61CF9500F9D46B;
			remoteInfo = "SQLiteTests visionOS";
		};
/* End PBXContainerItemProxy section */

/* Begin PBXFileReference section */
		0E390F9EEB124C56794960EC /* Pods-EmployeeManager.debug.xcconfig */ = {isa = PBXFileReference; includeInIndex = 1; lastKnownFileType = text.xcconfig; name = "Pods-EmployeeManager.debug.xcconfig"; path = "Target Support Files/Pods-EmployeeManager/Pods-EmployeeManager.debug.xcconfig"; sourceTree = "<group>"; };
		3F77BA62A4D4F804B1257111 /* Pods_EmployeeManager.framework */ = {isa = PBXFileReference; explicitFileType = wrapper.framework; includeInIndex = 0; path = Pods_EmployeeManager.framework; sourceTree = BUILT_PRODUCTS_DIR; };
		D2BFEEED0304BB9DFE76F7FB /* Pods-EmployeeManager.release.xcconfig */ = {isa = PBXFileReference; includeInIndex = 1; lastKnownFileType = text.xcconfig; name = "Pods-EmployeeManager.release.xcconfig"; path = "Target Support Files/Pods-EmployeeManager/Pods-EmployeeManager.release.xcconfig"; sourceTree = "<group>"; };
		E1A040F52C258517005EE957 /* Employee.swift */ = {isa = PBXFileReference; lastKnownFileType = sourcecode.swift; path = Employee.swift; sourceTree = "<group>"; };
		E1A040F72C25873B005EE957 /* DatabaseService.swift */ = {isa = PBXFileReference; lastKnownFileType = sourcecode.swift; path = DatabaseService.swift; sourceTree = "<group>"; };
		E1ACD3832C2435E2007F6A52 /* DataService.swift */ = {isa = PBXFileReference; lastKnownFileType = sourcecode.swift; path = DataService.swift; sourceTree = "<group>"; };
		E1ACD3872C243689007F6A52 /* Alamofire.framework */ = {isa = PBXFileReference; explicitFileType = wrapper.framework; path = Alamofire.framework; sourceTree = BUILT_PRODUCTS_DIR; };
		E1ACD3E02C2439F0007F6A52 /* Alamofire.framework */ = {isa = PBXFileReference; explicitFileType = wrapper.framework; path = Alamofire.framework; sourceTree = BUILT_PRODUCTS_DIR; };
		E1ACD4112C243D45007F6A52 /* ServiceResult.swift */ = {isa = PBXFileReference; lastKnownFileType = sourcecode.swift; path = ServiceResult.swift; sourceTree = "<group>"; };
		E1ACD4132C243D63007F6A52 /* Resource.swift */ = {isa = PBXFileReference; lastKnownFileType = sourcecode.swift; path = Resource.swift; sourceTree = "<group>"; };
		E1ACD4152C243D95007F6A52 /* RequestInterceptor.swift */ = {isa = PBXFileReference; lastKnownFileType = sourcecode.swift; path = RequestInterceptor.swift; sourceTree = "<group>"; };
		E1ACD4172C243DB0007F6A52 /* AppConfig.swift */ = {isa = PBXFileReference; lastKnownFileType = sourcecode.swift; path = AppConfig.swift; sourceTree = "<group>"; };
		E1ACD4192C243E31007F6A52 /* EmployeeService.swift */ = {isa = PBXFileReference; lastKnownFileType = sourcecode.swift; path = EmployeeService.swift; sourceTree = "<group>"; };
		E1ACD41B2C24455E007F6A52 /* ServiceFactory.swift */ = {isa = PBXFileReference; lastKnownFileType = sourcecode.swift; path = ServiceFactory.swift; sourceTree = "<group>"; };
		E1C056D22C1449C200702394 /* EmployeeManager.app */ = {isa = PBXFileReference; explicitFileType = wrapper.application; includeInIndex = 0; path = EmployeeManager.app; sourceTree = BUILT_PRODUCTS_DIR; };
		E1C056D52C1449C200702394 /* AppDelegate.swift */ = {isa = PBXFileReference; lastKnownFileType = sourcecode.swift; path = AppDelegate.swift; sourceTree = "<group>"; };
		E1C056D72C1449C200702394 /* SceneDelegate.swift */ = {isa = PBXFileReference; lastKnownFileType = sourcecode.swift; path = SceneDelegate.swift; sourceTree = "<group>"; };
		E1C056D92C1449C200702394 /* ViewController.swift */ = {isa = PBXFileReference; lastKnownFileType = sourcecode.swift; path = ViewController.swift; sourceTree = "<group>"; };
		E1C056DC2C1449C200702394 /* Base */ = {isa = PBXFileReference; lastKnownFileType = file.storyboard; name = Base; path = Base.lproj/Main.storyboard; sourceTree = "<group>"; };
		E1C056DE2C1449C300702394 /* Assets.xcassets */ = {isa = PBXFileReference; lastKnownFileType = folder.assetcatalog; path = Assets.xcassets; sourceTree = "<group>"; };
		E1C056E12C1449C300702394 /* Base */ = {isa = PBXFileReference; lastKnownFileType = file.storyboard; name = Base; path = Base.lproj/LaunchScreen.storyboard; sourceTree = "<group>"; };
		E1C056E32C1449C300702394 /* Info.plist */ = {isa = PBXFileReference; lastKnownFileType = text.plist.xml; path = Info.plist; sourceTree = "<group>"; };
		E1C056E82C1449C300702394 /* EmployeeManagerTests.xctest */ = {isa = PBXFileReference; explicitFileType = wrapper.cfbundle; includeInIndex = 0; path = EmployeeManagerTests.xctest; sourceTree = BUILT_PRODUCTS_DIR; };
		E1C056EC2C1449C300702394 /* EmployeeManagerTests.swift */ = {isa = PBXFileReference; lastKnownFileType = sourcecode.swift; path = EmployeeManagerTests.swift; sourceTree = "<group>"; };
		E1C056F22C1449C300702394 /* EmployeeManagerUITests.xctest */ = {isa = PBXFileReference; explicitFileType = wrapper.cfbundle; includeInIndex = 0; path = EmployeeManagerUITests.xctest; sourceTree = BUILT_PRODUCTS_DIR; };
		E1C056F62C1449C300702394 /* EmployeeManagerUITests.swift */ = {isa = PBXFileReference; lastKnownFileType = sourcecode.swift; path = EmployeeManagerUITests.swift; sourceTree = "<group>"; };
		E1C056F82C1449C300702394 /* EmployeeManagerUITestsLaunchTests.swift */ = {isa = PBXFileReference; lastKnownFileType = sourcecode.swift; path = EmployeeManagerUITestsLaunchTests.swift; sourceTree = "<group>"; };
		E1C057062C1449F500702394 /* RootCoordinator.swift */ = {isa = PBXFileReference; lastKnownFileType = sourcecode.swift; path = RootCoordinator.swift; sourceTree = "<group>"; };
		E1C057082C1449FD00702394 /* Coordinator.swift */ = {isa = PBXFileReference; lastKnownFileType = sourcecode.swift; path = Coordinator.swift; sourceTree = "<group>"; };
		E1C0570B2C144A2C00702394 /* UIColor.swift */ = {isa = PBXFileReference; lastKnownFileType = sourcecode.swift; path = UIColor.swift; sourceTree = "<group>"; };
		E1C0570E2C144A6000702394 /* EmployeesCoordinator.swift */ = {isa = PBXFileReference; lastKnownFileType = sourcecode.swift; path = EmployeesCoordinator.swift; sourceTree = "<group>"; };
		E1C057102C144A6A00702394 /* EmployeesViewModel.swift */ = {isa = PBXFileReference; lastKnownFileType = sourcecode.swift; path = EmployeesViewModel.swift; sourceTree = "<group>"; };
		E1C057122C144A7400702394 /* EmployeesViewController.swift */ = {isa = PBXFileReference; lastKnownFileType = sourcecode.swift; path = EmployeesViewController.swift; sourceTree = "<group>"; };
		E1C057152C144B2600702394 /* AddEmployeeCoordinator.swift */ = {isa = PBXFileReference; lastKnownFileType = sourcecode.swift; path = AddEmployeeCoordinator.swift; sourceTree = "<group>"; };
		E1C057172C144B2F00702394 /* AddEmployeeViewModel.swift */ = {isa = PBXFileReference; lastKnownFileType = sourcecode.swift; path = AddEmployeeViewModel.swift; sourceTree = "<group>"; };
		E1C057192C144B3800702394 /* AddEmployeeView.swift */ = {isa = PBXFileReference; lastKnownFileType = sourcecode.swift; path = AddEmployeeView.swift; sourceTree = "<group>"; };
		E1C0571C2C14521B00702394 /* UserResponse.swift */ = {isa = PBXFileReference; lastKnownFileType = sourcecode.swift; path = UserResponse.swift; sourceTree = "<group>"; };
		E1C057212C14530800702394 /* SQLite.framework */ = {isa = PBXFileReference; explicitFileType = wrapper.framework; path = SQLite.framework; sourceTree = BUILT_PRODUCTS_DIR; };
		E1C057252C14534300702394 /* SQLite.xcodeproj */ = {isa = PBXFileReference; lastKnownFileType = "wrapper.pb-project"; name = SQLite.xcodeproj; path = "../../Downloads/SQLite.swift-master 3/SQLite.xcodeproj"; sourceTree = "<group>"; };
		E1C057432C14534A00702394 /* SQLite.xcodeproj */ = {isa = PBXFileReference; lastKnownFileType = "wrapper.pb-project"; name = SQLite.xcodeproj; path = "../../../Downloads/SQLite.swift-master 3/SQLite.xcodeproj"; sourceTree = "<group>"; };
		E1C057642C1459B600702394 /* EmployeeTableViewCell.swift */ = {isa = PBXFileReference; lastKnownFileType = sourcecode.swift; path = EmployeeTableViewCell.swift; sourceTree = "<group>"; };
		E1C057662C145A3400702394 /* UILabel.swift */ = {isa = PBXFileReference; lastKnownFileType = sourcecode.swift; path = UILabel.swift; sourceTree = "<group>"; };
		E1C057682C145A5F00702394 /* UIView.swift */ = {isa = PBXFileReference; lastKnownFileType = sourcecode.swift; path = UIView.swift; sourceTree = "<group>"; };
		E1C057702C14672A00702394 /* DetailsViewController.swift */ = {isa = PBXFileReference; lastKnownFileType = sourcecode.swift; path = DetailsViewController.swift; sourceTree = "<group>"; };
		E1C057722C14673400702394 /* DetailsViewModel.swift */ = {isa = PBXFileReference; lastKnownFileType = sourcecode.swift; path = DetailsViewModel.swift; sourceTree = "<group>"; };
/* End PBXFileReference section */

/* Begin PBXFrameworksBuildPhase section */
		E1C056CF2C1449C200702394 /* Frameworks */ = {
			isa = PBXFrameworksBuildPhase;
			buildActionMask = 2147483647;
			files = (
				C1CC1AB88C78793266D5EED7 /* Pods_EmployeeManager.framework in Frameworks */,
			);
			runOnlyForDeploymentPostprocessing = 0;
		};
		E1C056E52C1449C300702394 /* Frameworks */ = {
			isa = PBXFrameworksBuildPhase;
			buildActionMask = 2147483647;
			files = (
			);
			runOnlyForDeploymentPostprocessing = 0;
		};
		E1C056EF2C1449C300702394 /* Frameworks */ = {
			isa = PBXFrameworksBuildPhase;
			buildActionMask = 2147483647;
			files = (
			);
			runOnlyForDeploymentPostprocessing = 0;
		};
/* End PBXFrameworksBuildPhase section */

/* Begin PBXGroup section */
		7EB44ED10B6CC44475F35C4F /* Pods */ = {
			isa = PBXGroup;
			children = (
				0E390F9EEB124C56794960EC /* Pods-EmployeeManager.debug.xcconfig */,
				D2BFEEED0304BB9DFE76F7FB /* Pods-EmployeeManager.release.xcconfig */,
			);
			path = Pods;
			sourceTree = "<group>";
		};
		A02C72668DA46C3CAA6E7539 /* Frameworks */ = {
			isa = PBXGroup;
			children = (
				E1ACD3E02C2439F0007F6A52 /* Alamofire.framework */,
				E1ACD3872C243689007F6A52 /* Alamofire.framework */,
				E1C057252C14534300702394 /* SQLite.xcodeproj */,
				E1C057212C14530800702394 /* SQLite.framework */,
				3F77BA62A4D4F804B1257111 /* Pods_EmployeeManager.framework */,
			);
			name = Frameworks;
			sourceTree = "<group>";
		};
		E1ACD3822C243599007F6A52 /* Services */ = {
			isa = PBXGroup;
			children = (
				E1ACD3832C2435E2007F6A52 /* DataService.swift */,
				E1ACD4192C243E31007F6A52 /* EmployeeService.swift */,
				E1ACD41B2C24455E007F6A52 /* ServiceFactory.swift */,
				E1A040F72C25873B005EE957 /* DatabaseService.swift */,
			);
			name = Services;
			sourceTree = "<group>";
		};
		E1ACD4102C243D33007F6A52 /* Foundation */ = {
			isa = PBXGroup;
			children = (
				E1ACD4112C243D45007F6A52 /* ServiceResult.swift */,
				E1ACD4132C243D63007F6A52 /* Resource.swift */,
				E1ACD4152C243D95007F6A52 /* RequestInterceptor.swift */,
				E1ACD4172C243DB0007F6A52 /* AppConfig.swift */,
			);
			name = Foundation;
			sourceTree = "<group>";
		};
		E1C056C92C1449C200702394 = {
			isa = PBXGroup;
			children = (
				E1C056D42C1449C200702394 /* EmployeeManager */,
				E1C056EB2C1449C300702394 /* EmployeeManagerTests */,
				E1C056F52C1449C300702394 /* EmployeeManagerUITests */,
				E1C056D32C1449C200702394 /* Products */,
				7EB44ED10B6CC44475F35C4F /* Pods */,
				A02C72668DA46C3CAA6E7539 /* Frameworks */,
			);
			sourceTree = "<group>";
		};
		E1C056D32C1449C200702394 /* Products */ = {
			isa = PBXGroup;
			children = (
				E1C056D22C1449C200702394 /* EmployeeManager.app */,
				E1C056E82C1449C300702394 /* EmployeeManagerTests.xctest */,
				E1C056F22C1449C300702394 /* EmployeeManagerUITests.xctest */,
			);
			name = Products;
			sourceTree = "<group>";
		};
		E1C056D42C1449C200702394 /* EmployeeManager */ = {
			isa = PBXGroup;
			children = (
				E1ACD4102C243D33007F6A52 /* Foundation */,
				E1ACD3822C243599007F6A52 /* Services */,
				E1C0571B2C14521000702394 /* Models */,
				E1C0570A2C144A1900702394 /* Extensions */,
				E1C057052C1449D700702394 /* UI */,
				E1C056D52C1449C200702394 /* AppDelegate.swift */,
				E1C056D72C1449C200702394 /* SceneDelegate.swift */,
				E1C056D92C1449C200702394 /* ViewController.swift */,
				E1C056DB2C1449C200702394 /* Main.storyboard */,
				E1C056DE2C1449C300702394 /* Assets.xcassets */,
				E1C056E02C1449C300702394 /* LaunchScreen.storyboard */,
				E1C056E32C1449C300702394 /* Info.plist */,
				E1C057432C14534A00702394 /* SQLite.xcodeproj */,
			);
			path = EmployeeManager;
			sourceTree = "<group>";
		};
		E1C056EB2C1449C300702394 /* EmployeeManagerTests */ = {
			isa = PBXGroup;
			children = (
				E1C056EC2C1449C300702394 /* EmployeeManagerTests.swift */,
			);
			path = EmployeeManagerTests;
			sourceTree = "<group>";
		};
		E1C056F52C1449C300702394 /* EmployeeManagerUITests */ = {
			isa = PBXGroup;
			children = (
				E1C056F62C1449C300702394 /* EmployeeManagerUITests.swift */,
				E1C056F82C1449C300702394 /* EmployeeManagerUITestsLaunchTests.swift */,
			);
			path = EmployeeManagerUITests;
			sourceTree = "<group>";
		};
		E1C057052C1449D700702394 /* UI */ = {
			isa = PBXGroup;
			children = (
				E1C057142C144AF600702394 /* AddEmployee */,
				E1C0570D2C144A3C00702394 /* Employees */,
				E1C057062C1449F500702394 /* RootCoordinator.swift */,
				E1C057082C1449FD00702394 /* Coordinator.swift */,
			);
			name = UI;
			sourceTree = "<group>";
		};
		E1C0570A2C144A1900702394 /* Extensions */ = {
			isa = PBXGroup;
			children = (
				E1C0570B2C144A2C00702394 /* UIColor.swift */,
				E1C057662C145A3400702394 /* UILabel.swift */,
				E1C057682C145A5F00702394 /* UIView.swift */,
			);
			name = Extensions;
			sourceTree = "<group>";
		};
		E1C0570D2C144A3C00702394 /* Employees */ = {
			isa = PBXGroup;
			children = (
				E1C0576F2C14671900702394 /* Details */,
				E1C057632C1459AA00702394 /* Cells */,
				E1C0570E2C144A6000702394 /* EmployeesCoordinator.swift */,
				E1C057102C144A6A00702394 /* EmployeesViewModel.swift */,
				E1C057122C144A7400702394 /* EmployeesViewController.swift */,
			);
			name = Employees;
			sourceTree = "<group>";
		};
		E1C057142C144AF600702394 /* AddEmployee */ = {
			isa = PBXGroup;
			children = (
				E1C057152C144B2600702394 /* AddEmployeeCoordinator.swift */,
				E1C057172C144B2F00702394 /* AddEmployeeViewModel.swift */,
				E1C057192C144B3800702394 /* AddEmployeeView.swift */,
			);
			name = AddEmployee;
			sourceTree = "<group>";
		};
		E1C0571B2C14521000702394 /* Models */ = {
			isa = PBXGroup;
			children = (
				E1C0571C2C14521B00702394 /* UserResponse.swift */,
				E1A040F52C258517005EE957 /* Employee.swift */,
			);
			name = Models;
			sourceTree = "<group>";
		};
		E1C057262C14534300702394 /* Products */ = {
			isa = PBXGroup;
			children = (
				E1C057322C14534300702394 /* SQLite.framework */,
				E1C057342C14534300702394 /* SQLiteTests iOS.xctest */,
				E1C057362C14534300702394 /* SQLite.framework */,
				E1C057382C14534300702394 /* SQLiteTests Mac.xctest */,
				E1C0573A2C14534300702394 /* SQLite.framework */,
				E1C0573C2C14534300702394 /* SQLiteTests tvOS.xctest */,
				E1C0573E2C14534300702394 /* SQLite.framework */,
				E1C057402C14534300702394 /* SQLite.framework */,
				E1C057422C14534300702394 /* SQLiteTests visionOS.xctest */,
			);
			name = Products;
			sourceTree = "<group>";
		};
		E1C057442C14534A00702394 /* Products */ = {
			isa = PBXGroup;
			children = (
				E1C057502C14534A00702394 /* SQLite.framework */,
				E1C057522C14534A00702394 /* SQLiteTests iOS.xctest */,
				E1C057542C14534A00702394 /* SQLite.framework */,
				E1C057562C14534A00702394 /* SQLiteTests Mac.xctest */,
				E1C057582C14534A00702394 /* SQLite.framework */,
				E1C0575A2C14534A00702394 /* SQLiteTests tvOS.xctest */,
				E1C0575C2C14534A00702394 /* SQLite.framework */,
				E1C0575E2C14534A00702394 /* SQLite.framework */,
				E1C057602C14534A00702394 /* SQLiteTests visionOS.xctest */,
			);
			name = Products;
			sourceTree = "<group>";
		};
		E1C057632C1459AA00702394 /* Cells */ = {
			isa = PBXGroup;
			children = (
				E1C057642C1459B600702394 /* EmployeeTableViewCell.swift */,
			);
			name = Cells;
			sourceTree = "<group>";
		};
		E1C0576F2C14671900702394 /* Details */ = {
			isa = PBXGroup;
			children = (
				E1C057702C14672A00702394 /* DetailsViewController.swift */,
				E1C057722C14673400702394 /* DetailsViewModel.swift */,
			);
			name = Details;
			sourceTree = "<group>";
		};
/* End PBXGroup section */

/* Begin PBXNativeTarget section */
		E1C056D12C1449C200702394 /* EmployeeManager */ = {
			isa = PBXNativeTarget;
			buildConfigurationList = E1C056FC2C1449C300702394 /* Build configuration list for PBXNativeTarget "EmployeeManager" */;
			buildPhases = (
				32413796B41F110A6FA0F27C /* [CP] Check Pods Manifest.lock */,
				E1C056CE2C1449C200702394 /* Sources */,
				E1C056CF2C1449C200702394 /* Frameworks */,
				E1C056D02C1449C200702394 /* Resources */,
				B7CB8FBF7A9FE9075788C9A9 /* [CP] Embed Pods Frameworks */,
			);
			buildRules = (
			);
			dependencies = (
			);
			name = EmployeeManager;
			productName = EmployeeManager;
			productReference = E1C056D22C1449C200702394 /* EmployeeManager.app */;
			productType = "com.apple.product-type.application";
		};
		E1C056E72C1449C300702394 /* EmployeeManagerTests */ = {
			isa = PBXNativeTarget;
			buildConfigurationList = E1C056FF2C1449C300702394 /* Build configuration list for PBXNativeTarget "EmployeeManagerTests" */;
			buildPhases = (
				E1C056E42C1449C300702394 /* Sources */,
				E1C056E52C1449C300702394 /* Frameworks */,
				E1C056E62C1449C300702394 /* Resources */,
			);
			buildRules = (
			);
			dependencies = (
				E1C056EA2C1449C300702394 /* PBXTargetDependency */,
			);
			name = EmployeeManagerTests;
			productName = EmployeeManagerTests;
			productReference = E1C056E82C1449C300702394 /* EmployeeManagerTests.xctest */;
			productType = "com.apple.product-type.bundle.unit-test";
		};
		E1C056F12C1449C300702394 /* EmployeeManagerUITests */ = {
			isa = PBXNativeTarget;
			buildConfigurationList = E1C057022C1449C300702394 /* Build configuration list for PBXNativeTarget "EmployeeManagerUITests" */;
			buildPhases = (
				E1C056EE2C1449C300702394 /* Sources */,
				E1C056EF2C1449C300702394 /* Frameworks */,
				E1C056F02C1449C300702394 /* Resources */,
			);
			buildRules = (
			);
			dependencies = (
				E1C056F42C1449C300702394 /* PBXTargetDependency */,
			);
			name = EmployeeManagerUITests;
			productName = EmployeeManagerUITests;
			productReference = E1C056F22C1449C300702394 /* EmployeeManagerUITests.xctest */;
			productType = "com.apple.product-type.bundle.ui-testing";
		};
/* End PBXNativeTarget section */

/* Begin PBXProject section */
		E1C056CA2C1449C200702394 /* Project object */ = {
			isa = PBXProject;
			attributes = {
				BuildIndependentTargetsInParallel = 1;
				LastSwiftUpdateCheck = 1540;
				LastUpgradeCheck = 1540;
				TargetAttributes = {
					E1C056D12C1449C200702394 = {
						CreatedOnToolsVersion = 15.4;
					};
					E1C056E72C1449C300702394 = {
						CreatedOnToolsVersion = 15.4;
						TestTargetID = E1C056D12C1449C200702394;
					};
					E1C056F12C1449C300702394 = {
						CreatedOnToolsVersion = 15.4;
						TestTargetID = E1C056D12C1449C200702394;
					};
				};
			};
			buildConfigurationList = E1C056CD2C1449C200702394 /* Build configuration list for PBXProject "EmployeeManager" */;
			compatibilityVersion = "Xcode 14.0";
			developmentRegion = en;
			hasScannedForEncodings = 0;
			knownRegions = (
				en,
				Base,
			);
			mainGroup = E1C056C92C1449C200702394;
			productRefGroup = E1C056D32C1449C200702394 /* Products */;
			projectDirPath = "";
			projectReferences = (
				{
					ProductGroup = E1C057442C14534A00702394 /* Products */;
					ProjectRef = E1C057432C14534A00702394 /* SQLite.xcodeproj */;
				},
				{
					ProductGroup = E1C057262C14534300702394 /* Products */;
					ProjectRef = E1C057252C14534300702394 /* SQLite.xcodeproj */;
				},
			);
			projectRoot = "";
			targets = (
				E1C056D12C1449C200702394 /* EmployeeManager */,
				E1C056E72C1449C300702394 /* EmployeeManagerTests */,
				E1C056F12C1449C300702394 /* EmployeeManagerUITests */,
			);
		};
/* End PBXProject section */

/* Begin PBXReferenceProxy section */
		E1C057322C14534300702394 /* SQLite.framework */ = {
			isa = PBXReferenceProxy;
			fileType = wrapper.framework;
			path = SQLite.framework;
			remoteRef = E1C057312C14534300702394 /* PBXContainerItemProxy */;
			sourceTree = BUILT_PRODUCTS_DIR;
		};
		E1C057342C14534300702394 /* SQLiteTests iOS.xctest */ = {
			isa = PBXReferenceProxy;
			fileType = wrapper.cfbundle;
			path = "SQLiteTests iOS.xctest";
			remoteRef = E1C057332C14534300702394 /* PBXContainerItemProxy */;
			sourceTree = BUILT_PRODUCTS_DIR;
		};
		E1C057362C14534300702394 /* SQLite.framework */ = {
			isa = PBXReferenceProxy;
			fileType = wrapper.framework;
			path = SQLite.framework;
			remoteRef = E1C057352C14534300702394 /* PBXContainerItemProxy */;
			sourceTree = BUILT_PRODUCTS_DIR;
		};
		E1C057382C14534300702394 /* SQLiteTests Mac.xctest */ = {
			isa = PBXReferenceProxy;
			fileType = wrapper.cfbundle;
			path = "SQLiteTests Mac.xctest";
			remoteRef = E1C057372C14534300702394 /* PBXContainerItemProxy */;
			sourceTree = BUILT_PRODUCTS_DIR;
		};
		E1C0573A2C14534300702394 /* SQLite.framework */ = {
			isa = PBXReferenceProxy;
			fileType = wrapper.framework;
			path = SQLite.framework;
			remoteRef = E1C057392C14534300702394 /* PBXContainerItemProxy */;
			sourceTree = BUILT_PRODUCTS_DIR;
		};
		E1C0573C2C14534300702394 /* SQLiteTests tvOS.xctest */ = {
			isa = PBXReferenceProxy;
			fileType = wrapper.cfbundle;
			path = "SQLiteTests tvOS.xctest";
			remoteRef = E1C0573B2C14534300702394 /* PBXContainerItemProxy */;
			sourceTree = BUILT_PRODUCTS_DIR;
		};
		E1C0573E2C14534300702394 /* SQLite.framework */ = {
			isa = PBXReferenceProxy;
			fileType = wrapper.framework;
			path = SQLite.framework;
			remoteRef = E1C0573D2C14534300702394 /* PBXContainerItemProxy */;
			sourceTree = BUILT_PRODUCTS_DIR;
		};
		E1C057402C14534300702394 /* SQLite.framework */ = {
			isa = PBXReferenceProxy;
			fileType = wrapper.framework;
			path = SQLite.framework;
			remoteRef = E1C0573F2C14534300702394 /* PBXContainerItemProxy */;
			sourceTree = BUILT_PRODUCTS_DIR;
		};
		E1C057422C14534300702394 /* SQLiteTests visionOS.xctest */ = {
			isa = PBXReferenceProxy;
			fileType = wrapper.cfbundle;
			path = "SQLiteTests visionOS.xctest";
			remoteRef = E1C057412C14534300702394 /* PBXContainerItemProxy */;
			sourceTree = BUILT_PRODUCTS_DIR;
		};
		E1C057502C14534A00702394 /* SQLite.framework */ = {
			isa = PBXReferenceProxy;
			fileType = wrapper.framework;
			path = SQLite.framework;
			remoteRef = E1C0574F2C14534A00702394 /* PBXContainerItemProxy */;
			sourceTree = BUILT_PRODUCTS_DIR;
		};
		E1C057522C14534A00702394 /* SQLiteTests iOS.xctest */ = {
			isa = PBXReferenceProxy;
			fileType = wrapper.cfbundle;
			path = "SQLiteTests iOS.xctest";
			remoteRef = E1C057512C14534A00702394 /* PBXContainerItemProxy */;
			sourceTree = BUILT_PRODUCTS_DIR;
		};
		E1C057542C14534A00702394 /* SQLite.framework */ = {
			isa = PBXReferenceProxy;
			fileType = wrapper.framework;
			path = SQLite.framework;
			remoteRef = E1C057532C14534A00702394 /* PBXContainerItemProxy */;
			sourceTree = BUILT_PRODUCTS_DIR;
		};
		E1C057562C14534A00702394 /* SQLiteTests Mac.xctest */ = {
			isa = PBXReferenceProxy;
			fileType = wrapper.cfbundle;
			path = "SQLiteTests Mac.xctest";
			remoteRef = E1C057552C14534A00702394 /* PBXContainerItemProxy */;
			sourceTree = BUILT_PRODUCTS_DIR;
		};
		E1C057582C14534A00702394 /* SQLite.framework */ = {
			isa = PBXReferenceProxy;
			fileType = wrapper.framework;
			path = SQLite.framework;
			remoteRef = E1C057572C14534A00702394 /* PBXContainerItemProxy */;
			sourceTree = BUILT_PRODUCTS_DIR;
		};
		E1C0575A2C14534A00702394 /* SQLiteTests tvOS.xctest */ = {
			isa = PBXReferenceProxy;
			fileType = wrapper.cfbundle;
			path = "SQLiteTests tvOS.xctest";
			remoteRef = E1C057592C14534A00702394 /* PBXContainerItemProxy */;
			sourceTree = BUILT_PRODUCTS_DIR;
		};
		E1C0575C2C14534A00702394 /* SQLite.framework */ = {
			isa = PBXReferenceProxy;
			fileType = wrapper.framework;
			path = SQLite.framework;
			remoteRef = E1C0575B2C14534A00702394 /* PBXContainerItemProxy */;
			sourceTree = BUILT_PRODUCTS_DIR;
		};
		E1C0575E2C14534A00702394 /* SQLite.framework */ = {
			isa = PBXReferenceProxy;
			fileType = wrapper.framework;
			path = SQLite.framework;
			remoteRef = E1C0575D2C14534A00702394 /* PBXContainerItemProxy */;
			sourceTree = BUILT_PRODUCTS_DIR;
		};
		E1C057602C14534A00702394 /* SQLiteTests visionOS.xctest */ = {
			isa = PBXReferenceProxy;
			fileType = wrapper.cfbundle;
			path = "SQLiteTests visionOS.xctest";
			remoteRef = E1C0575F2C14534A00702394 /* PBXContainerItemProxy */;
			sourceTree = BUILT_PRODUCTS_DIR;
		};
/* End PBXReferenceProxy section */

/* Begin PBXResourcesBuildPhase section */
		E1C056D02C1449C200702394 /* Resources */ = {
			isa = PBXResourcesBuildPhase;
			buildActionMask = 2147483647;
			files = (
				E1C056DF2C1449C300702394 /* Assets.xcassets in Resources */,
				E1C056E22C1449C300702394 /* Base in Resources */,
				E1C056DD2C1449C200702394 /* Base in Resources */,
			);
			runOnlyForDeploymentPostprocessing = 0;
		};
		E1C056E62C1449C300702394 /* Resources */ = {
			isa = PBXResourcesBuildPhase;
			buildActionMask = 2147483647;
			files = (
			);
			runOnlyForDeploymentPostprocessing = 0;
		};
		E1C056F02C1449C300702394 /* Resources */ = {
			isa = PBXResourcesBuildPhase;
			buildActionMask = 2147483647;
			files = (
			);
			runOnlyForDeploymentPostprocessing = 0;
		};
/* End PBXResourcesBuildPhase section */

/* Begin PBXShellScriptBuildPhase section */
		32413796B41F110A6FA0F27C /* [CP] Check Pods Manifest.lock */ = {
			isa = PBXShellScriptBuildPhase;
			buildActionMask = 2147483647;
			files = (
			);
			inputFileListPaths = (
			);
			inputPaths = (
				"${PODS_PODFILE_DIR_PATH}/Podfile.lock",
				"${PODS_ROOT}/Manifest.lock",
			);
			name = "[CP] Check Pods Manifest.lock";
			outputFileListPaths = (
			);
			outputPaths = (
				"$(DERIVED_FILE_DIR)/Pods-EmployeeManager-checkManifestLockResult.txt",
			);
			runOnlyForDeploymentPostprocessing = 0;
			shellPath = /bin/sh;
			shellScript = "diff \"${PODS_PODFILE_DIR_PATH}/Podfile.lock\" \"${PODS_ROOT}/Manifest.lock\" > /dev/null\nif [ $? != 0 ] ; then\n    # print error to STDERR\n    echo \"error: The sandbox is not in sync with the Podfile.lock. Run 'pod install' or update your CocoaPods installation.\" >&2\n    exit 1\nfi\n# This output is used by Xcode 'outputs' to avoid re-running this script phase.\necho \"SUCCESS\" > \"${SCRIPT_OUTPUT_FILE_0}\"\n";
			showEnvVarsInLog = 0;
		};
		B7CB8FBF7A9FE9075788C9A9 /* [CP] Embed Pods Frameworks */ = {
			isa = PBXShellScriptBuildPhase;
			buildActionMask = 2147483647;
			files = (
			);
			inputFileListPaths = (
				"${PODS_ROOT}/Target Support Files/Pods-EmployeeManager/Pods-EmployeeManager-frameworks-${CONFIGURATION}-input-files.xcfilelist",
			);
			name = "[CP] Embed Pods Frameworks";
			outputFileListPaths = (
				"${PODS_ROOT}/Target Support Files/Pods-EmployeeManager/Pods-EmployeeManager-frameworks-${CONFIGURATION}-output-files.xcfilelist",
			);
			runOnlyForDeploymentPostprocessing = 0;
			shellPath = /bin/sh;
			shellScript = "\"${PODS_ROOT}/Target Support Files/Pods-EmployeeManager/Pods-EmployeeManager-frameworks.sh\"\n";
			showEnvVarsInLog = 0;
		};
/* End PBXShellScriptBuildPhase section */

/* Begin PBXSourcesBuildPhase section */
		E1C056CE2C1449C200702394 /* Sources */ = {
			isa = PBXSourcesBuildPhase;
			buildActionMask = 2147483647;
			files = (
				E1ACD41C2C24455E007F6A52 /* ServiceFactory.swift in Sources */,
				E1C057672C145A3400702394 /* UILabel.swift in Sources */,
				E1ACD41A2C243E31007F6A52 /* EmployeeService.swift in Sources */,
				E1C0570F2C144A6000702394 /* EmployeesCoordinator.swift in Sources */,
				E1C057072C1449F500702394 /* RootCoordinator.swift in Sources */,
				E1C057112C144A6A00702394 /* EmployeesViewModel.swift in Sources */,
				E1C057182C144B2F00702394 /* AddEmployeeViewModel.swift in Sources */,
				E1C0570C2C144A2C00702394 /* UIColor.swift in Sources */,
				E1ACD4142C243D63007F6A52 /* Resource.swift in Sources */,
				E1A040F82C25873B005EE957 /* DatabaseService.swift in Sources */,
				E1A040F62C258517005EE957 /* Employee.swift in Sources */,
				E1ACD3842C2435E2007F6A52 /* DataService.swift in Sources */,
				E1C057732C14673400702394 /* DetailsViewModel.swift in Sources */,
				E1ACD4182C243DB0007F6A52 /* AppConfig.swift in Sources */,
				E1C057162C144B2600702394 /* AddEmployeeCoordinator.swift in Sources */,
				E1C056DA2C1449C200702394 /* ViewController.swift in Sources */,
				E1ACD4162C243D95007F6A52 /* RequestInterceptor.swift in Sources */,
				E1ACD4122C243D45007F6A52 /* ServiceResult.swift in Sources */,
				E1C057092C1449FD00702394 /* Coordinator.swift in Sources */,
				E1C057712C14672A00702394 /* DetailsViewController.swift in Sources */,
				E1C057652C1459B600702394 /* EmployeeTableViewCell.swift in Sources */,
				E1C0571A2C144B3800702394 /* AddEmployeeView.swift in Sources */,
				E1C0571D2C14521B00702394 /* UserResponse.swift in Sources */,
				E1C056D62C1449C200702394 /* AppDelegate.swift in Sources */,
				E1C056D82C1449C200702394 /* SceneDelegate.swift in Sources */,
				E1C057692C145A5F00702394 /* UIView.swift in Sources */,
				E1C057132C144A7400702394 /* EmployeesViewController.swift in Sources */,
			);
			runOnlyForDeploymentPostprocessing = 0;
		};
		E1C056E42C1449C300702394 /* Sources */ = {
			isa = PBXSourcesBuildPhase;
			buildActionMask = 2147483647;
			files = (
				E1C056ED2C1449C300702394 /* EmployeeManagerTests.swift in Sources */,
			);
			runOnlyForDeploymentPostprocessing = 0;
		};
		E1C056EE2C1449C300702394 /* Sources */ = {
			isa = PBXSourcesBuildPhase;
			buildActionMask = 2147483647;
			files = (
				E1C056F92C1449C300702394 /* EmployeeManagerUITestsLaunchTests.swift in Sources */,
				E1C056F72C1449C300702394 /* EmployeeManagerUITests.swift in Sources */,
			);
			runOnlyForDeploymentPostprocessing = 0;
		};
/* End PBXSourcesBuildPhase section */

/* Begin PBXTargetDependency section */
		E1C056EA2C1449C300702394 /* PBXTargetDependency */ = {
			isa = PBXTargetDependency;
			target = E1C056D12C1449C200702394 /* EmployeeManager */;
			targetProxy = E1C056E92C1449C300702394 /* PBXContainerItemProxy */;
		};
		E1C056F42C1449C300702394 /* PBXTargetDependency */ = {
			isa = PBXTargetDependency;
			target = E1C056D12C1449C200702394 /* EmployeeManager */;
			targetProxy = E1C056F32C1449C300702394 /* PBXContainerItemProxy */;
		};
/* End PBXTargetDependency section */

/* Begin PBXVariantGroup section */
		E1C056DB2C1449C200702394 /* Main.storyboard */ = {
			isa = PBXVariantGroup;
			children = (
				E1C056DC2C1449C200702394 /* Base */,
			);
			name = Main.storyboard;
			sourceTree = "<group>";
		};
		E1C056E02C1449C300702394 /* LaunchScreen.storyboard */ = {
			isa = PBXVariantGroup;
			children = (
				E1C056E12C1449C300702394 /* Base */,
			);
			name = LaunchScreen.storyboard;
			sourceTree = "<group>";
		};
/* End PBXVariantGroup section */

/* Begin XCBuildConfiguration section */
		E1C056FA2C1449C300702394 /* Debug */ = {
			isa = XCBuildConfiguration;
			buildSettings = {
				ALWAYS_SEARCH_USER_PATHS = NO;
				ASSETCATALOG_COMPILER_GENERATE_SWIFT_ASSET_SYMBOL_EXTENSIONS = YES;
				CLANG_ANALYZER_NONNULL = YES;
				CLANG_ANALYZER_NUMBER_OBJECT_CONVERSION = YES_AGGRESSIVE;
				CLANG_CXX_LANGUAGE_STANDARD = "gnu++20";
				CLANG_ENABLE_MODULES = YES;
				CLANG_ENABLE_OBJC_ARC = YES;
				CLANG_ENABLE_OBJC_WEAK = YES;
				CLANG_WARN_BLOCK_CAPTURE_AUTORELEASING = YES;
				CLANG_WARN_BOOL_CONVERSION = YES;
				CLANG_WARN_COMMA = YES;
				CLANG_WARN_CONSTANT_CONVERSION = YES;
				CLANG_WARN_DEPRECATED_OBJC_IMPLEMENTATIONS = YES;
				CLANG_WARN_DIRECT_OBJC_ISA_USAGE = YES_ERROR;
				CLANG_WARN_DOCUMENTATION_COMMENTS = YES;
				CLANG_WARN_EMPTY_BODY = YES;
				CLANG_WARN_ENUM_CONVERSION = YES;
				CLANG_WARN_INFINITE_RECURSION = YES;
				CLANG_WARN_INT_CONVERSION = YES;
				CLANG_WARN_NON_LITERAL_NULL_CONVERSION = YES;
				CLANG_WARN_OBJC_IMPLICIT_RETAIN_SELF = YES;
				CLANG_WARN_OBJC_LITERAL_CONVERSION = YES;
				CLANG_WARN_OBJC_ROOT_CLASS = YES_ERROR;
				CLANG_WARN_QUOTED_INCLUDE_IN_FRAMEWORK_HEADER = YES;
				CLANG_WARN_RANGE_LOOP_ANALYSIS = YES;
				CLANG_WARN_STRICT_PROTOTYPES = YES;
				CLANG_WARN_SUSPICIOUS_MOVE = YES;
				CLANG_WARN_UNGUARDED_AVAILABILITY = YES_AGGRESSIVE;
				CLANG_WARN_UNREACHABLE_CODE = YES;
				CLANG_WARN__DUPLICATE_METHOD_MATCH = YES;
				COPY_PHASE_STRIP = NO;
				DEBUG_INFORMATION_FORMAT = dwarf;
				ENABLE_STRICT_OBJC_MSGSEND = YES;
				ENABLE_TESTABILITY = YES;
				ENABLE_USER_SCRIPT_SANDBOXING = NO;
				GCC_C_LANGUAGE_STANDARD = gnu17;
				GCC_DYNAMIC_NO_PIC = NO;
				GCC_NO_COMMON_BLOCKS = YES;
				GCC_OPTIMIZATION_LEVEL = 0;
				GCC_PREPROCESSOR_DEFINITIONS = (
					"DEBUG=1",
					"$(inherited)",
				);
				GCC_WARN_64_TO_32_BIT_CONVERSION = YES;
				GCC_WARN_ABOUT_RETURN_TYPE = YES_ERROR;
				GCC_WARN_UNDECLARED_SELECTOR = YES;
				GCC_WARN_UNINITIALIZED_AUTOS = YES_AGGRESSIVE;
				GCC_WARN_UNUSED_FUNCTION = YES;
				GCC_WARN_UNUSED_VARIABLE = YES;
				IPHONEOS_DEPLOYMENT_TARGET = 17.5;
				LOCALIZATION_PREFERS_STRING_CATALOGS = YES;
				MTL_ENABLE_DEBUG_INFO = INCLUDE_SOURCE;
				MTL_FAST_MATH = YES;
				ONLY_ACTIVE_ARCH = YES;
				SDKROOT = iphoneos;
				SWIFT_ACTIVE_COMPILATION_CONDITIONS = "DEBUG $(inherited)";
				SWIFT_OPTIMIZATION_LEVEL = "-Onone";
			};
			name = Debug;
		};
		E1C056FB2C1449C300702394 /* Release */ = {
			isa = XCBuildConfiguration;
			buildSettings = {
				ALWAYS_SEARCH_USER_PATHS = NO;
				ASSETCATALOG_COMPILER_GENERATE_SWIFT_ASSET_SYMBOL_EXTENSIONS = YES;
				CLANG_ANALYZER_NONNULL = YES;
				CLANG_ANALYZER_NUMBER_OBJECT_CONVERSION = YES_AGGRESSIVE;
				CLANG_CXX_LANGUAGE_STANDARD = "gnu++20";
				CLANG_ENABLE_MODULES = YES;
				CLANG_ENABLE_OBJC_ARC = YES;
				CLANG_ENABLE_OBJC_WEAK = YES;
				CLANG_WARN_BLOCK_CAPTURE_AUTORELEASING = YES;
				CLANG_WARN_BOOL_CONVERSION = YES;
				CLANG_WARN_COMMA = YES;
				CLANG_WARN_CONSTANT_CONVERSION = YES;
				CLANG_WARN_DEPRECATED_OBJC_IMPLEMENTATIONS = YES;
				CLANG_WARN_DIRECT_OBJC_ISA_USAGE = YES_ERROR;
				CLANG_WARN_DOCUMENTATION_COMMENTS = YES;
				CLANG_WARN_EMPTY_BODY = YES;
				CLANG_WARN_ENUM_CONVERSION = YES;
				CLANG_WARN_INFINITE_RECURSION = YES;
				CLANG_WARN_INT_CONVERSION = YES;
				CLANG_WARN_NON_LITERAL_NULL_CONVERSION = YES;
				CLANG_WARN_OBJC_IMPLICIT_RETAIN_SELF = YES;
				CLANG_WARN_OBJC_LITERAL_CONVERSION = YES;
				CLANG_WARN_OBJC_ROOT_CLASS = YES_ERROR;
				CLANG_WARN_QUOTED_INCLUDE_IN_FRAMEWORK_HEADER = YES;
				CLANG_WARN_RANGE_LOOP_ANALYSIS = YES;
				CLANG_WARN_STRICT_PROTOTYPES = YES;
				CLANG_WARN_SUSPICIOUS_MOVE = YES;
				CLANG_WARN_UNGUARDED_AVAILABILITY = YES_AGGRESSIVE;
				CLANG_WARN_UNREACHABLE_CODE = YES;
				CLANG_WARN__DUPLICATE_METHOD_MATCH = YES;
				COPY_PHASE_STRIP = NO;
				DEBUG_INFORMATION_FORMAT = "dwarf-with-dsym";
				ENABLE_NS_ASSERTIONS = NO;
				ENABLE_STRICT_OBJC_MSGSEND = YES;
				ENABLE_USER_SCRIPT_SANDBOXING = NO;
				GCC_C_LANGUAGE_STANDARD = gnu17;
				GCC_NO_COMMON_BLOCKS = YES;
				GCC_WARN_64_TO_32_BIT_CONVERSION = YES;
				GCC_WARN_ABOUT_RETURN_TYPE = YES_ERROR;
				GCC_WARN_UNDECLARED_SELECTOR = YES;
				GCC_WARN_UNINITIALIZED_AUTOS = YES_AGGRESSIVE;
				GCC_WARN_UNUSED_FUNCTION = YES;
				GCC_WARN_UNUSED_VARIABLE = YES;
				IPHONEOS_DEPLOYMENT_TARGET = 17.5;
				LOCALIZATION_PREFERS_STRING_CATALOGS = YES;
				MTL_ENABLE_DEBUG_INFO = NO;
				MTL_FAST_MATH = YES;
				SDKROOT = iphoneos;
				SWIFT_COMPILATION_MODE = wholemodule;
				VALIDATE_PRODUCT = YES;
			};
			name = Release;
		};
		E1C056FD2C1449C300702394 /* Debug */ = {
			isa = XCBuildConfiguration;
			baseConfigurationReference = 0E390F9EEB124C56794960EC /* Pods-EmployeeManager.debug.xcconfig */;
			buildSettings = {
				ASSETCATALOG_COMPILER_APPICON_NAME = AppIcon;
				ASSETCATALOG_COMPILER_GLOBAL_ACCENT_COLOR_NAME = AccentColor;
				CODE_SIGN_STYLE = Automatic;
				CURRENT_PROJECT_VERSION = 1;
				GENERATE_INFOPLIST_FILE = YES;
				INFOPLIST_FILE = EmployeeManager/Info.plist;
				INFOPLIST_KEY_UIApplicationSupportsIndirectInputEvents = YES;
				INFOPLIST_KEY_UILaunchStoryboardName = LaunchScreen;
				INFOPLIST_KEY_UIMainStoryboardFile = Main;
				INFOPLIST_KEY_UISupportedInterfaceOrientations_iPad = "UIInterfaceOrientationPortrait UIInterfaceOrientationPortraitUpsideDown UIInterfaceOrientationLandscapeLeft UIInterfaceOrientationLandscapeRight";
				INFOPLIST_KEY_UISupportedInterfaceOrientations_iPhone = "UIInterfaceOrientationPortrait UIInterfaceOrientationLandscapeLeft UIInterfaceOrientationLandscapeRight";
				IPHONEOS_DEPLOYMENT_TARGET = 17.0;
				LD_RUNPATH_SEARCH_PATHS = (
					"$(inherited)",
					"@executable_path/Frameworks",
				);
				MARKETING_VERSION = 1.0;
				PRODUCT_BUNDLE_IDENTIFIER = com.miran.EmployeeManager;
				PRODUCT_NAME = "$(TARGET_NAME)";
				SWIFT_EMIT_LOC_STRINGS = YES;
				SWIFT_VERSION = 5.0;
				TARGETED_DEVICE_FAMILY = "1,2";
			};
			name = Debug;
		};
		E1C056FE2C1449C300702394 /* Release */ = {
			isa = XCBuildConfiguration;
			baseConfigurationReference = D2BFEEED0304BB9DFE76F7FB /* Pods-EmployeeManager.release.xcconfig */;
			buildSettings = {
				ASSETCATALOG_COMPILER_APPICON_NAME = AppIcon;
				ASSETCATALOG_COMPILER_GLOBAL_ACCENT_COLOR_NAME = AccentColor;
				CODE_SIGN_STYLE = Automatic;
				CURRENT_PROJECT_VERSION = 1;
				GENERATE_INFOPLIST_FILE = YES;
				INFOPLIST_FILE = EmployeeManager/Info.plist;
				INFOPLIST_KEY_UIApplicationSupportsIndirectInputEvents = YES;
				INFOPLIST_KEY_UILaunchStoryboardName = LaunchScreen;
				INFOPLIST_KEY_UIMainStoryboardFile = Main;
				INFOPLIST_KEY_UISupportedInterfaceOrientations_iPad = "UIInterfaceOrientationPortrait UIInterfaceOrientationPortraitUpsideDown UIInterfaceOrientationLandscapeLeft UIInterfaceOrientationLandscapeRight";
				INFOPLIST_KEY_UISupportedInterfaceOrientations_iPhone = "UIInterfaceOrientationPortrait UIInterfaceOrientationLandscapeLeft UIInterfaceOrientationLandscapeRight";
				IPHONEOS_DEPLOYMENT_TARGET = 17.0;
				LD_RUNPATH_SEARCH_PATHS = (
					"$(inherited)",
					"@executable_path/Frameworks",
				);
				MARKETING_VERSION = 1.0;
				PRODUCT_BUNDLE_IDENTIFIER = com.miran.EmployeeManager;
				PRODUCT_NAME = "$(TARGET_NAME)";
				SWIFT_EMIT_LOC_STRINGS = YES;
				SWIFT_VERSION = 5.0;
				TARGETED_DEVICE_FAMILY = "1,2";
			};
			name = Release;
		};
		E1C057002C1449C300702394 /* Debug */ = {
			isa = XCBuildConfiguration;
			buildSettings = {
				ALWAYS_EMBED_SWIFT_STANDARD_LIBRARIES = YES;
				BUNDLE_LOADER = "$(TEST_HOST)";
				CODE_SIGN_STYLE = Automatic;
				CURRENT_PROJECT_VERSION = 1;
				GENERATE_INFOPLIST_FILE = YES;
				IPHONEOS_DEPLOYMENT_TARGET = 17.5;
				MARKETING_VERSION = 1.0;
				PRODUCT_BUNDLE_IDENTIFIER = com.miran.EmployeeManagerTests;
				PRODUCT_NAME = "$(TARGET_NAME)";
				SWIFT_EMIT_LOC_STRINGS = NO;
				SWIFT_VERSION = 5.0;
				TARGETED_DEVICE_FAMILY = "1,2";
				TEST_HOST = "$(BUILT_PRODUCTS_DIR)/EmployeeManager.app/$(BUNDLE_EXECUTABLE_FOLDER_PATH)/EmployeeManager";
			};
			name = Debug;
		};
		E1C057012C1449C300702394 /* Release */ = {
			isa = XCBuildConfiguration;
			buildSettings = {
				ALWAYS_EMBED_SWIFT_STANDARD_LIBRARIES = YES;
				BUNDLE_LOADER = "$(TEST_HOST)";
				CODE_SIGN_STYLE = Automatic;
				CURRENT_PROJECT_VERSION = 1;
				GENERATE_INFOPLIST_FILE = YES;
				IPHONEOS_DEPLOYMENT_TARGET = 17.5;
				MARKETING_VERSION = 1.0;
				PRODUCT_BUNDLE_IDENTIFIER = com.miran.EmployeeManagerTests;
				PRODUCT_NAME = "$(TARGET_NAME)";
				SWIFT_EMIT_LOC_STRINGS = NO;
				SWIFT_VERSION = 5.0;
				TARGETED_DEVICE_FAMILY = "1,2";
				TEST_HOST = "$(BUILT_PRODUCTS_DIR)/EmployeeManager.app/$(BUNDLE_EXECUTABLE_FOLDER_PATH)/EmployeeManager";
			};
			name = Release;
		};
		E1C057032C1449C300702394 /* Debug */ = {
			isa = XCBuildConfiguration;
			buildSettings = {
				ALWAYS_EMBED_SWIFT_STANDARD_LIBRARIES = YES;
				CODE_SIGN_STYLE = Automatic;
				CURRENT_PROJECT_VERSION = 1;
				GENERATE_INFOPLIST_FILE = YES;
				MARKETING_VERSION = 1.0;
				PRODUCT_BUNDLE_IDENTIFIER = com.miran.EmployeeManagerUITests;
				PRODUCT_NAME = "$(TARGET_NAME)";
				SWIFT_EMIT_LOC_STRINGS = NO;
				SWIFT_VERSION = 5.0;
				TARGETED_DEVICE_FAMILY = "1,2";
				TEST_TARGET_NAME = EmployeeManager;
			};
			name = Debug;
		};
		E1C057042C1449C300702394 /* Release */ = {
			isa = XCBuildConfiguration;
			buildSettings = {
				ALWAYS_EMBED_SWIFT_STANDARD_LIBRARIES = YES;
				CODE_SIGN_STYLE = Automatic;
				CURRENT_PROJECT_VERSION = 1;
				GENERATE_INFOPLIST_FILE = YES;
				MARKETING_VERSION = 1.0;
				PRODUCT_BUNDLE_IDENTIFIER = com.miran.EmployeeManagerUITests;
				PRODUCT_NAME = "$(TARGET_NAME)";
				SWIFT_EMIT_LOC_STRINGS = NO;
				SWIFT_VERSION = 5.0;
				TARGETED_DEVICE_FAMILY = "1,2";
				TEST_TARGET_NAME = EmployeeManager;
			};
			name = Release;
		};
/* End XCBuildConfiguration section */

/* Begin XCConfigurationList section */
		E1C056CD2C1449C200702394 /* Build configuration list for PBXProject "EmployeeManager" */ = {
			isa = XCConfigurationList;
			buildConfigurations = (
				E1C056FA2C1449C300702394 /* Debug */,
				E1C056FB2C1449C300702394 /* Release */,
			);
			defaultConfigurationIsVisible = 0;
			defaultConfigurationName = Release;
		};
		E1C056FC2C1449C300702394 /* Build configuration list for PBXNativeTarget "EmployeeManager" */ = {
			isa = XCConfigurationList;
			buildConfigurations = (
				E1C056FD2C1449C300702394 /* Debug */,
				E1C056FE2C1449C300702394 /* Release */,
			);
			defaultConfigurationIsVisible = 0;
			defaultConfigurationName = Release;
		};
		E1C056FF2C1449C300702394 /* Build configuration list for PBXNativeTarget "EmployeeManagerTests" */ = {
			isa = XCConfigurationList;
			buildConfigurations = (
				E1C057002C1449C300702394 /* Debug */,
				E1C057012C1449C300702394 /* Release */,
			);
			defaultConfigurationIsVisible = 0;
			defaultConfigurationName = Release;
		};
		E1C057022C1449C300702394 /* Build configuration list for PBXNativeTarget "EmployeeManagerUITests" */ = {
			isa = XCConfigurationList;
			buildConfigurations = (
				E1C057032C1449C300702394 /* Debug */,
				E1C057042C1449C300702394 /* Release */,
			);
			defaultConfigurationIsVisible = 0;
			defaultConfigurationName = Release;
		};
/* End XCConfigurationList section */
	};
	rootObject = E1C056CA2C1449C200702394 /* Project object */;
}
